
Microsoft Visual Studio Solution File, Format Version 12.00
# Visual Studio Version 17
VisualStudioVersion = 17.14.36127.28 d17.14
MinimumVisualStudioVersion = 10.0.40219.1
Project("{FAE04EC0-301F-11D3-BF4B-00C04F79EFBC}") = "Task56_57_winforms", "Task56_57_winforms.csproj", "{1BA2D217-B889-4ACF-9E5A-7EF2077D2685}"
EndProject
Global
	GlobalSection(SolutionConfigurationPlatforms) = preSolution
		Debug|Any CPU = Debug|Any CPU
		Release|Any CPU = Release|Any CPU
	EndGlobalSection
	GlobalSection(ProjectConfigurationPlatforms) = postSolution
		{1BA2D217-B889-4ACF-9E5A-7EF2077D2685}.Debug|Any CPU.ActiveCfg = Debug|Any CPU
		{1BA2D217-B889-4ACF-9E5A-7EF2077D2685}.Debug|Any CPU.Build.0 = Debug|Any CPU
		{1BA2D217-B889-4ACF-9E5A-7EF2077D2685}.Release|Any CPU.ActiveCfg = Release|Any CPU
		{1BA2D217-B889-4ACF-9E5A-7EF2077D2685}.Release|Any CPU.Build.0 = Release|Any CPU
	EndGlobalSection
	GlobalSection(SolutionProperties) = preSolution
		HideSolutionNode = FALSE
	EndGlobalSection
	GlobalSection(ExtensibilityGlobals) = postSolution
		SolutionGuid = {2BF609D3-5F21-46EE-A91C-90E5EC86813B}
	EndGlobalSection
EndGlobal
